
Microsoft Visual Studio Solution File, Format Version 12.00
# Visual Studio Version 17
VisualStudioVersion = 17.11.35431.28
MinimumVisualStudioVersion = 10.0.40219.1
Project("{9A19103F-16F7-4668-BE54-9A1E7A4F7556}") = "HotelBooking", "HotelBooking\HotelBooking.csproj", "{2C277406-1907-45BA-8C6D-A3E5C78A9534}"
EndProject
Project("{FAE04EC0-301F-11D3-BF4B-00C04F79EFBC}") = "HotelBookingLibrary", "HotelBookingLibrary\HotelBookingLibrary.csproj", "{0BF22AAD-8E7D-4E74-9194-F1884AA529B7}"
EndProject
Global
	GlobalSection(SolutionConfigurationPlatforms) = preSolution
		Debug|Any CPU = Debug|Any CPU
		Release|Any CPU = Release|Any CPU
	EndGlobalSection
	GlobalSection(ProjectConfigurationPlatforms) = postSolution
		{2C277406-1907-45BA-8C6D-A3E5C78A9534}.Debug|Any CPU.ActiveCfg = Debug|Any CPU
		{2C277406-1907-45BA-8C6D-A3E5C78A9534}.Debug|Any CPU.Build.0 = Debug|Any CPU
		{2C277406-1907-45BA-8C6D-A3E5C78A9534}.Release|Any CPU.ActiveCfg = Release|Any CPU
		{2C277406-1907-45BA-8C6D-A3E5C78A9534}.Release|Any CPU.Build.0 = Release|Any CPU
		{0BF22AAD-8E7D-4E74-9194-F1884AA529B7}.Debug|Any CPU.ActiveCfg = Debug|Any CPU
		{0BF22AAD-8E7D-4E74-9194-F1884AA529B7}.Debug|Any CPU.Build.0 = Debug|Any CPU
		{0BF22AAD-8E7D-4E74-9194-F1884AA529B7}.Release|Any CPU.ActiveCfg = Release|Any CPU
		{0BF22AAD-8E7D-4E74-9194-F1884AA529B7}.Release|Any CPU.Build.0 = Release|Any CPU
	EndGlobalSection
	GlobalSection(SolutionProperties) = preSolution
		HideSolutionNode = FALSE
	EndGlobalSection
	GlobalSection(ExtensibilityGlobals) = postSolution
		SolutionGuid = {5E9F2A2F-BE18-4968-B319-536B4626B3D2}
	EndGlobalSection
EndGlobal
